<?xml version="1.0" encoding="utf-8"?>
<Project ToolsVersion="4.0" xmlns="http://schemas.microsoft.com/developer/msbuild/2003">
  <ItemGroup>
    <Filter Include="Header Files">
      <UniqueIdentifier>{5cdaf48d-e521-4d79-b0ea-dd907d45ccff}</UniqueIdentifier>
    </Filter>
    <Filter Include="Header Files\doc_view">
      <UniqueIdentifier>{d927f764-6951-4896-b134-d123f699489b}</UniqueIdentifier>
    </Filter>
    <Filter Include="Header Files\threads">
      <UniqueIdentifier>{e65d6b3f-1233-4f12-b976-31e960b08bcf}</UniqueIdentifier>
    </Filter>
    <Filter Include="Header Files\dlg">
      <UniqueIdentifier>{213625f3-b12a-4fdd-aa34-b3d051b143b6}</UniqueIdentifier>
    </Filter>
    <Filter Include="Header Files\lib">
      <UniqueIdentifier>{3c8c0897-8e57-4503-bf48-8687ff6a8d88}</UniqueIdentifier>
    </Filter>
    <Filter Include="Resource Files">
      <UniqueIdentifier>{baf84dd8-fc9a-460b-b7a1-a20a8258d2f0}</UniqueIdentifier>
    </Filter>
    <Filter Include="Source Files">
      <UniqueIdentifier>{e5c4c5ac-709d-4bfe-9bf8-19574168dc34}</UniqueIdentifier>
    </Filter>
    <Filter Include="Source Files\doc_view">
      <UniqueIdentifier>{a7077168-b85d-4ae5-aed3-c4dc807cf2ff}</UniqueIdentifier>
    </Filter>
    <Filter Include="Source Files\threads">
      <UniqueIdentifier>{14fd7e54-0101-4e58-aa60-5ffd0f6de306}</UniqueIdentifier>
    </Filter>
    <Filter Include="Source Files\dlg">
      <UniqueIdentifier>{cf493796-344b-4ad8-89aa-bbbda40a6656}</UniqueIdentifier>
    </Filter>
    <Filter Include="Source Files\boinc">
      <UniqueIdentifier>{d30897ef-fa5a-4535-9c23-e18b0f295c31}</UniqueIdentifier>
    </Filter>
    <Filter Include="Source Files\lib">
      <UniqueIdentifier>{8a2ec134-23f4-49aa-aef8-dc8f7f94b9cd}</UniqueIdentifier>
    </Filter>
  </ItemGroup>
  <ItemGroup>
    <ClInclude Include="..\BoincTasks\BoincTasks.h">
      <Filter>Header Files</Filter>
    </ClInclude>
    <ClInclude Include="..\BoincTasks\ChildFrm.h">
      <Filter>Header Files</Filter>
    </ClInclude>
    <ClInclude Include="..\BoincTasks\ColorListBox.h">
      <Filter>Header Files</Filter>
    </ClInclude>
    <ClInclude Include="..\BoincTasks\Computer.h">
      <Filter>Header Files</Filter>
    </ClInclude>
    <ClInclude Include="..\BoincTasks\Label.h">
      <Filter>Header Files</Filter>
    </ClInclude>
    <ClInclude Include="..\BoincTasks\MainFrm.h">
      <Filter>Header Files</Filter>
    </ClInclude>
    <ClInclude Include="..\BoincTasks\registry.h">
      <Filter>Header Files</Filter>
    </ClInclude>
    <ClInclude Include="..\BoincTasks\resource.h">
      <Filter>Header Files</Filter>
    </ClInclude>
    <ClInclude Include="..\BoincTasks\Selection.h">
      <Filter>Header Files</Filter>
    </ClInclude>
    <ClInclude Include="..\BoincTasks\SortColumn.h">
      <Filter>Header Files</Filter>
    </ClInclude>
    <ClInclude Include="..\BoincTasks\stdafx.h">
      <Filter>Header Files</Filter>
    </ClInclude>
    <ClInclude Include="..\BoincTasks\UpdateCheck.h">
      <Filter>Header Files</Filter>
    </ClInclude>
    <ClInclude Include="..\BoincTasks\WebRead.h">
      <Filter>Header Files</Filter>
    </ClInclude>
    <ClInclude Include="..\BoincTasks\WndColor.h">
      <Filter>Header Files</Filter>
    </ClInclude>
    <ClInclude Include="..\BoincTasks\WndGraphic.h">
      <Filter>Header Files</Filter>
    </ClInclude>
    <ClInclude Include="..\BoincTasks\WorkUnit.h">
      <Filter>Header Files</Filter>
    </ClInclude>
    <ClInclude Include="..\BoincTasks\Xml.h">
      <Filter>Header Files</Filter>
    </ClInclude>
    <ClInclude Include="..\BoincTasks\ComputerDoc.h">
      <Filter>Header Files\doc_view</Filter>
    </ClInclude>
    <ClInclude Include="..\BoincTasks\ComputerView.h">
      <Filter>Header Files\doc_view</Filter>
    </ClInclude>
    <ClInclude Include="..\BoincTasks\RemoteCombinedDoc.h">
      <Filter>Header Files\doc_view</Filter>
    </ClInclude>
    <ClInclude Include="..\BoincTasks\RemoteCombinedMessageView.h">
      <Filter>Header Files\doc_view</Filter>
    </ClInclude>
    <ClInclude Include="..\BoincTasks\RemoteCombinedProjectView.h">
      <Filter>Header Files\doc_view</Filter>
    </ClInclude>
    <ClInclude Include="..\BoincTasks\RemoteCombinedTaskView.h">
      <Filter>Header Files\doc_view</Filter>
    </ClInclude>
    <ClInclude Include="..\BoincTasks\RemoteCombinedTransferView.h">
      <Filter>Header Files\doc_view</Filter>
    </ClInclude>
    <ClInclude Include="..\BoincTasks\RemoteDoc.h">
      <Filter>Header Files\doc_view</Filter>
    </ClInclude>
    <ClInclude Include="..\BoincTasks\RemoteMessageView.h">
      <Filter>Header Files\doc_view</Filter>
    </ClInclude>
    <ClInclude Include="..\BoincTasks\RemoteProjectView.h">
      <Filter>Header Files\doc_view</Filter>
    </ClInclude>
    <ClInclude Include="..\BoincTasks\RemoteTaskView.h">
      <Filter>Header Files\doc_view</Filter>
    </ClInclude>
    <ClInclude Include="..\BoincTasks\RemoteTransferView.h">
      <Filter>Header Files\doc_view</Filter>
    </ClInclude>
    <ClInclude Include="..\BoincTasks\TasksDoc.h">
      <Filter>Header Files\doc_view</Filter>
    </ClInclude>
    <ClInclude Include="..\BoincTasks\TasksView.h">
      <Filter>Header Files\doc_view</Filter>
    </ClInclude>
    <ClInclude Include="..\BoincTasks\ThreadRpc.h">
      <Filter>Header Files\threads</Filter>
    </ClInclude>
    <ClInclude Include="..\BoincTasks\AboutDlg.h">
      <Filter>Header Files\dlg</Filter>
    </ClInclude>
    <ClInclude Include="..\BoincTasks\DlgBarComputer.h">
      <Filter>Header Files\dlg</Filter>
    </ClInclude>
    <ClInclude Include="..\BoincTasks\DlgColor.h">
      <Filter>Header Files\dlg</Filter>
    </ClInclude>
    <ClInclude Include="..\BoincTasks\DlgGraphic.h">
      <Filter>Header Files\dlg</Filter>
    </ClInclude>
    <ClInclude Include="..\BoincTasks\DlgGraphicColor.h">
      <Filter>Header Files\dlg</Filter>
    </ClInclude>
    <ClInclude Include="..\BoincTasks\DlgLogging.h">
      <Filter>Header Files\dlg</Filter>
    </ClInclude>
    <ClInclude Include="..\BoincTasks\DlgPrefDisk.h">
      <Filter>Header Files\dlg</Filter>
    </ClInclude>
    <ClInclude Include="..\BoincTasks\DlgPrefMain.h">
      <Filter>Header Files\dlg</Filter>
    </ClInclude>
    <ClInclude Include="..\BoincTasks\DlgPrefNetwork.h">
      <Filter>Header Files\dlg</Filter>
    </ClInclude>
    <ClInclude Include="..\BoincTasks\DlgPrefProcessor.h">
      <Filter>Header Files\dlg</Filter>
    </ClInclude>
    <ClInclude Include="..\BoincTasks\DlgProgress.h">
      <Filter>Header Files\dlg</Filter>
    </ClInclude>
    <ClInclude Include="..\BoincTasks\DlgSettings.h">
      <Filter>Header Files\dlg</Filter>
    </ClInclude>
    <ClInclude Include="..\BoincTasks\DlgTimer.h">
      <Filter>Header Files\dlg</Filter>
    </ClInclude>
    <ClInclude Include="..\BoincTasks\DlgUpdate.h">
      <Filter>Header Files\dlg</Filter>
    </ClInclude>
    <ClInclude Include="..\BoincTasks\DlgYesNo.h">
      <Filter>Header Files\dlg</Filter>
    </ClInclude>
    <ClInclude Include="..\BoincTasks\InPlaceEdit.h">
      <Filter>Header Files\lib</Filter>
    </ClInclude>
    <ClInclude Include="..\BoincTasks\listviewex.h">
      <Filter>Header Files\lib</Filter>
    </ClInclude>
    <ClInclude Include="..\BoincTasks\sort.h">
      <Filter>Header Files\lib</Filter>
    </ClInclude>
    <ClInclude Include="..\BoincTasks\TemplateRemoteProjectView.h">
      <Filter>Header Files\lib</Filter>
    </ClInclude>
    <ClInclude Include="..\BoincTasks\TemplateRemoteTaskView.h">
      <Filter>Header Files\lib</Filter>
    </ClInclude>
    <ClInclude Include="..\BoincTasks\TemplateRemoteTransferView.h">
      <Filter>Header Files\lib</Filter>
    </ClInclude>
  </ItemGroup>
  <ItemGroup>
    <None Include="..\BoincTasks\res\bmpColors.bmp">
      <Filter>Resource Files</Filter>
    </None>
    <None Include="..\BoincTasks\res\boinc.ico">
      <Filter>Resource Files</Filter>
    </None>
    <None Include="..\BoincTasks\res\BoincTasks.ico">
      <Filter>Resource Files</Filter>
    </None>
    <None Include="..\BoincTasks\res\BoincTasks.rc2">
      <Filter>Resource Files</Filter>
    </None>
    <None Include="..\BoincTasks\res\BoincTasksDoc.ico">
      <Filter>Resource Files</Filter>
    </None>
    <None Include="..\BoincTasks\res\combined.ico">
      <Filter>Resource Files</Filter>
    </None>
    <None Include="..\BoincTasks\res\computerButton.bmp">
      <Filter>Resource Files</Filter>
    </None>
    <None Include="..\BoincTasks\res\efmerBoinc.ico">
      <Filter>Resource Files</Filter>
    </None>
    <None Include="..\BoincTasks\res\eFMerBoincTasks.ico">
      <Filter>Resource Files</Filter>
    </None>
    <None Include="..\16x16-free-application-icons\ico\Globe.ico">
      <Filter>Resource Files</Filter>
    </None>
    <None Include="..\BoincTasks\res\ico00001.ico">
      <Filter>Resource Files</Filter>
    </None>
    <None Include="..\BoincTasks\res\icon1.ico">
      <Filter>Resource Files</Filter>
    </None>
    <None Include="..\BoincTasks\res\idr_boin.ico">
      <Filter>Resource Files</Filter>
    </None>
    <None Include="..\BoincTasks\res\idr_hand_link.ico">
      <Filter>Resource Files</Filter>
    </None>
    <None Include="..\BoincTasks\res\mainfram.bmp">
      <Filter>Resource Files</Filter>
    </None>
    <None Include="..\BoincTasks\res\stateico.bmp">
      <Filter>Resource Files</Filter>
    </None>
    <None Include="..\BoincTasks\res\Toolbar.bmp">
      <Filter>Resource Files</Filter>
    </None>
  </ItemGroup>
  <ItemGroup>
    <ResourceCompile Include="..\BoincTasks\BoincTasks.rc">
      <Filter>Resource Files</Filter>
    </ResourceCompile>
  </ItemGroup>
  <ItemGroup>
    <ClCompile Include="..\BoincTasks\BoincTasks.cpp">
      <Filter>Source Files</Filter>
    </ClCompile>
    <ClCompile Include="..\BoincTasks\ChildFrm.cpp">
      <Filter>Source Files</Filter>
    </ClCompile>
    <ClCompile Include="..\BoincTasks\ColorListBox.cpp">
      <Filter>Source Files</Filter>
    </ClCompile>
    <ClCompile Include="..\BoincTasks\Computers.cpp">
      <Filter>Source Files</Filter>
    </ClCompile>
    <ClCompile Include="..\BoincTasks\Label.cpp">
      <Filter>Source Files</Filter>
    </ClCompile>
    <ClCompile Include="..\BoincTasks\MainFrm.cpp">
      <Filter>Source Files</Filter>
    </ClCompile>
    <ClCompile Include="..\BoincTasks\Selection.cpp">
      <Filter>Source Files</Filter>
    </ClCompile>
    <ClCompile Include="..\BoincTasks\SortColumn.cpp">
      <Filter>Source Files</Filter>
    </ClCompile>
    <ClCompile Include="..\BoincTasks\stdafx.cpp">
      <Filter>Source Files</Filter>
    </ClCompile>
    <ClCompile Include="..\BoincTasks\UpdateCheck.cpp">
      <Filter>Source Files</Filter>
    </ClCompile>
    <ClCompile Include="..\BoincTasks\WebRead.cpp">
      <Filter>Source Files</Filter>
    </ClCompile>
    <ClCompile Include="..\BoincTasks\WndColor.cpp">
      <Filter>Source Files</Filter>
    </ClCompile>
    <ClCompile Include="..\BoincTasks\WndGraphic.cpp">
      <Filter>Source Files</Filter>
    </ClCompile>
    <ClCompile Include="..\BoincTasks\WorkUnit.cpp">
      <Filter>Source Files</Filter>
    </ClCompile>
    <ClCompile Include="..\BoincTasks\Xml.cpp">
      <Filter>Source Files</Filter>
    </ClCompile>
    <ClCompile Include="..\BoincTasks\ComputerDoc.cpp">
      <Filter>Source Files\doc_view</Filter>
    </ClCompile>
    <ClCompile Include="..\BoincTasks\ComputerView.cpp">
      <Filter>Source Files\doc_view</Filter>
    </ClCompile>
    <ClCompile Include="..\BoincTasks\RemoteCombinedDoc.cpp">
      <Filter>Source Files\doc_view</Filter>
    </ClCompile>
    <ClCompile Include="..\BoincTasks\RemoteCombinedMessageView.cpp">
      <Filter>Source Files\doc_view</Filter>
    </ClCompile>
    <ClCompile Include="..\BoincTasks\RemoteCombinedProjectView.cpp">
      <Filter>Source Files\doc_view</Filter>
    </ClCompile>
    <ClCompile Include="..\BoincTasks\RemoteCombinedTaskView.cpp">
      <Filter>Source Files\doc_view</Filter>
    </ClCompile>
    <ClCompile Include="..\BoincTasks\RemoteCombinedTransferView.cpp">
      <Filter>Source Files\doc_view</Filter>
    </ClCompile>
    <ClCompile Include="..\BoincTasks\RemoteDoc.cpp">
      <Filter>Source Files\doc_view</Filter>
    </ClCompile>
    <ClCompile Include="..\BoincTasks\RemoteMessageView.cpp">
      <Filter>Source Files\doc_view</Filter>
    </ClCompile>
    <ClCompile Include="..\BoincTasks\RemoteProjectView.cpp">
      <Filter>Source Files\doc_view</Filter>
    </ClCompile>
    <ClCompile Include="..\BoincTasks\RemoteTaskView.cpp">
      <Filter>Source Files\doc_view</Filter>
    </ClCompile>
    <ClCompile Include="..\BoincTasks\RemoteTransferView.cpp">
      <Filter>Source Files\doc_view</Filter>
    </ClCompile>
    <ClCompile Include="..\BoincTasks\TasksDoc.cpp">
      <Filter>Source Files\doc_view</Filter>
    </ClCompile>
    <ClCompile Include="..\BoincTasks\TasksView.cpp">
      <Filter>Source Files\doc_view</Filter>
    </ClCompile>
    <ClCompile Include="..\BoincTasks\ThreadRpc.cpp">
      <Filter>Source Files\threads</Filter>
    </ClCompile>
    <ClCompile Include="..\BoincTasks\ThreadScheduler.cpp">
      <Filter>Source Files\threads</Filter>
    </ClCompile>
    <ClCompile Include="..\BoincTasks\ThreadStatusAnimation.cpp">
      <Filter>Source Files\threads</Filter>
    </ClCompile>
    <ClCompile Include="..\BoincTasks\AboutDlg.cpp">
      <Filter>Source Files\dlg</Filter>
    </ClCompile>
    <ClCompile Include="..\BoincTasks\DlgBarComputer.cpp">
      <Filter>Source Files\dlg</Filter>
    </ClCompile>
    <ClCompile Include="..\BoincTasks\DlgColor.cpp">
      <Filter>Source Files\dlg</Filter>
    </ClCompile>
    <ClCompile Include="..\BoincTasks\DlgGraphic.cpp">
      <Filter>Source Files\dlg</Filter>
    </ClCompile>
    <ClCompile Include="..\BoincTasks\DlgGraphicColor.cpp">
      <Filter>Source Files\dlg</Filter>
    </ClCompile>
    <ClCompile Include="..\BoincTasks\DlgLogging.cpp">
      <Filter>Source Files\dlg</Filter>
    </ClCompile>
    <ClCompile Include="..\BoincTasks\DlgPrefDisk.cpp">
      <Filter>Source Files\dlg</Filter>
    </ClCompile>
    <ClCompile Include="..\BoincTasks\DlgPrefMain.cpp">
      <Filter>Source Files\dlg</Filter>
    </ClCompile>
    <ClCompile Include="..\BoincTasks\DlgPrefNetwork.cpp">
      <Filter>Source Files\dlg</Filter>
    </ClCompile>
    <ClCompile Include="..\BoincTasks\DlgPrefProcessor.cpp">
      <Filter>Source Files\dlg</Filter>
    </ClCompile>
    <ClCompile Include="..\BoincTasks\DlgProgress.cpp">
      <Filter>Source Files\dlg</Filter>
    </ClCompile>
    <ClCompile Include="..\BoincTasks\DlgSettings.cpp">
      <Filter>Source Files\dlg</Filter>
    </ClCompile>
    <ClCompile Include="..\BoincTasks\DlgTimer.cpp">
      <Filter>Source Files\dlg</Filter>
    </ClCompile>
    <ClCompile Include="..\BoincTasks\DlgUpdate.cpp">
      <Filter>Source Files\dlg</Filter>
    </ClCompile>
    <ClCompile Include="..\BoincTasks\DlgYesNo.cpp">
      <Filter>Source Files\dlg</Filter>
    </ClCompile>
    <ClCompile Include="..\BoincTasks\functions.cpp">
      <Filter>Source Files\lib</Filter>
    </ClCompile>
    <ClCompile Include="..\BoincTasks\InPlaceEdit.cpp">
      <Filter>Source Files\lib</Filter>
    </ClCompile>
    <ClCompile Include="..\BoincTasks\listviewex.cpp">
      <Filter>Source Files\lib</Filter>
    </ClCompile>
    <ClCompile Include="..\BoincTasks\TemplateRemoteProjectView.cpp">
      <Filter>Source Files\lib</Filter>
    </ClCompile>
    <ClCompile Include="..\BoincTasks\TemplateRemoteTaskView.cpp">
      <Filter>Source Files\lib</Filter>
    </ClCompile>
    <ClCompile Include="..\BoincTasks\TemplateRemoteTransferView.cpp">
      <Filter>Source Files\lib</Filter>
    </ClCompile>
  </ItemGroup>
</Project>